{
    "_readme": [
        "This file locks the dependencies of your project to a known state",
        "Read more about it at http://getcomposer.org/doc/01-basic-usage.md#composer-lock-the-lock-file",
        "This file is @generated automatically"
    ],
    "hash": "bf8cc565ef57d84302cc4dde0c00e4d2",
    "packages": [
        {
            "name": "mpyw/twistoauth",
            "version": "dev-master",
            "source": {
                "type": "git",
                "url": "https://github.com/mpyw/TwistOAuth.git",
                "reference": "ca91d7fabe53173b2c8e74ec489bd3754ce7fdf4"
            },
            "dist": {
                "type": "zip",
                "url": "https://api.github.com/repos/mpyw/TwistOAuth/zipball/ca91d7fabe53173b2c8e74ec489bd3754ce7fdf4",
                "reference": "ca91d7fabe53173b2c8e74ec489bd3754ce7fdf4",
                "shasum": ""
            },
            "require": {
                "ext-hash": "*",
                "ext-json": "*",
                "ext-reflection": "*",
                "lib-curl": "*",
                "lib-libxml": "*",
                "lib-openssl": "*",
                "lib-pcre": "*",
                "php": ">=5.3.2"
            },
            "type": "library",
            "autoload": {
                "classmap": [
                    "src/"
                ]
            },
            "notification-url": "https://packagist.org/downloads/",
            "license": [
                "BSD-2-Clause"
            ],
            "authors": [
                {
                    "name": "CertaiN",
                    "email": "ryosuke_i_628@yahoo.co.jp",
                    "homepage": "https://gravatar.com/mpyw",
                    "role": "developer"
                }
            ],
            "description": "Advanced PHP Twitter library.",
            "keywords": [
                "Twitpic",
                "UserStream",
                "api",
                "async",
                "asynchronous",
                "image",
                "multiple",
                "oauth",
                "paralell",
                "streaming",
                "twitter",
                "upload"
            ],
            "time": "2014-12-15 01:01:57"
        }
    ],
    "packages-dev": [],
    "aliases": [],
    "minimum-stability": "stable",
    "stability-flags": {
        "mpyw/twistoauth": 20
    },
    "prefer-stable": false,
    "platform": [],
    "platform-dev": []
}
